
Microsoft Visual Studio Solution File, Format Version 12.00
# Visual Studio Version 17
VisualStudioVersion = 17.6.33723.286
MinimumVisualStudioVersion = 10.0.40219.1
Project("{FAE04EC0-301F-11D3-BF4B-00C04F79EFBC}") = "MVCRUD", "MVCRUD.csproj", "{58FC29BA-76BB-4933-827F-A5067CF1E1EE}"
EndProject
Global
	GlobalSection(SolutionConfigurationPlatforms) = preSolution
		Debug|Any CPU = Debug|Any CPU
		Release|Any CPU = Release|Any CPU
	EndGlobalSection
	GlobalSection(ProjectConfigurationPlatforms) = postSolution
		{58FC29BA-76BB-4933-827F-A5067CF1E1EE}.Debug|Any CPU.ActiveCfg = Debug|Any CPU
		{58FC29BA-76BB-4933-827F-A5067CF1E1EE}.Debug|Any CPU.Build.0 = Debug|Any CPU
		{58FC29BA-76BB-4933-827F-A5067CF1E1EE}.Release|Any CPU.ActiveCfg = Release|Any CPU
		{58FC29BA-76BB-4933-827F-A5067CF1E1EE}.Release|Any CPU.Build.0 = Release|Any CPU
	EndGlobalSection
	GlobalSection(SolutionProperties) = preSolution
		HideSolutionNode = FALSE
	EndGlobalSection
	GlobalSection(ExtensibilityGlobals) = postSolution
		SolutionGuid = {684A8F56-AEFF-48D6-A374-D3715093F527}
	EndGlobalSection
EndGlobal
